
Microsoft Visual Studio Solution File, Format Version 12.00
# Visual Studio Version 16
VisualStudioVersion = 16.0.30204.135
MinimumVisualStudioVersion = 10.0.40219.1
Project("{FAE04EC0-301F-11D3-BF4B-00C04F79EFBC}") = "FrameworkTricks.Web", "FrameworkTricks.Web\FrameworkTricks.Web.csproj", "{380937CD-D3C2-49F3-A0B9-4CDBC35EB8E4}"
EndProject
Project("{FAE04EC0-301F-11D3-BF4B-00C04F79EFBC}") = "FrameworkTricks.Application", "FrameworkTricks.Application\FrameworkTricks.Application.csproj", "{1E850162-0AFF-4A80-8F92-0081FE01503A}"
EndProject
Global
	GlobalSection(SolutionConfigurationPlatforms) = preSolution
		Debug|Any CPU = Debug|Any CPU
		Release|Any CPU = Release|Any CPU
	EndGlobalSection
	GlobalSection(ProjectConfigurationPlatforms) = postSolution
		{380937CD-D3C2-49F3-A0B9-4CDBC35EB8E4}.Debug|Any CPU.ActiveCfg = Debug|Any CPU
		{380937CD-D3C2-49F3-A0B9-4CDBC35EB8E4}.Debug|Any CPU.Build.0 = Debug|Any CPU
		{380937CD-D3C2-49F3-A0B9-4CDBC35EB8E4}.Release|Any CPU.ActiveCfg = Release|Any CPU
		{380937CD-D3C2-49F3-A0B9-4CDBC35EB8E4}.Release|Any CPU.Build.0 = Release|Any CPU
		{1E850162-0AFF-4A80-8F92-0081FE01503A}.Debug|Any CPU.ActiveCfg = Debug|Any CPU
		{1E850162-0AFF-4A80-8F92-0081FE01503A}.Debug|Any CPU.Build.0 = Debug|Any CPU
		{1E850162-0AFF-4A80-8F92-0081FE01503A}.Release|Any CPU.ActiveCfg = Release|Any CPU
		{1E850162-0AFF-4A80-8F92-0081FE01503A}.Release|Any CPU.Build.0 = Release|Any CPU
	EndGlobalSection
	GlobalSection(SolutionProperties) = preSolution
		HideSolutionNode = FALSE
	EndGlobalSection
	GlobalSection(ExtensibilityGlobals) = postSolution
		SolutionGuid = {C2ACEA0C-F609-4E0B-A603-D07736CDA687}
	EndGlobalSection
EndGlobal
